// !$*UTF8*$!
{
	archiveVersion = 1;
	classes = {
	};
	objectVersion = 52;
	objects = {

/* Begin PBXBuildFile section */
		CE75C40523913ED8007853DD /* AppDelegate.swift in Sources */ = {isa = PBXBuildFile; fileRef = CE75C40423913ED8007853DD /* AppDelegate.swift */; };
		CE75C40723913ED8007853DD /* SceneDelegate.swift in Sources */ = {isa = PBXBuildFile; fileRef = CE75C40623913ED8007853DD /* SceneDelegate.swift */; };
		CE75C40923913ED8007853DD /* RootView.swift in Sources */ = {isa = PBXBuildFile; fileRef = CE75C40823913ED8007853DD /* RootView.swift */; };
		CE75C40B23913EDB007853DD /* Assets.xcassets in Resources */ = {isa = PBXBuildFile; fileRef = CE75C40A23913EDB007853DD /* Assets.xcassets */; };
		CE75C40E23913EDB007853DD /* Preview Assets.xcassets in Resources */ = {isa = PBXBuildFile; fileRef = CE75C40D23913EDB007853DD /* Preview Assets.xcassets */; };
		CE75C41123913EDB007853DD /* LaunchScreen.storyboard in Resources */ = {isa = PBXBuildFile; fileRef = CE75C40F23913EDB007853DD /* LaunchScreen.storyboard */; };
		CE75C41923916081007853DD /* FoodListView.swift in Sources */ = {isa = PBXBuildFile; fileRef = CE75C41823916081007853DD /* FoodListView.swift */; };
		CE75C41B23916A58007853DD /* FoodView.swift in Sources */ = {isa = PBXBuildFile; fileRef = CE75C41A23916A58007853DD /* FoodView.swift */; };
		CE75C41E23916C8E007853DD /* BetterSheet in Frameworks */ = {isa = PBXBuildFile; productRef = CE75C41D23916C8E007853DD /* BetterSheet */; };
		CE75C42323923A8D007853DD /* AuthorView.swift in Sources */ = {isa = PBXBuildFile; fileRef = CE75C42223923A8D007853DD /* AuthorView.swift */; };
		CE75C42623923AB8007853DD /* StartView.swift in Sources */ = {isa = PBXBuildFile; fileRef = CE75C42523923AB8007853DD /* StartView.swift */; };
/* End PBXBuildFile section */

/* Begin PBXFileReference section */
		CE75C40123913ED8007853DD /* 01-SwiftUIApp.app */ = {isa = PBXFileReference; explicitFileType = wrapper.application; includeInIndex = 0; path = "01-SwiftUIApp.app"; sourceTree = BUILT_PRODUCTS_DIR; };
		CE75C40423913ED8007853DD /* AppDelegate.swift */ = {isa = PBXFileReference; lastKnownFileType = sourcecode.swift; path = AppDelegate.swift; sourceTree = "<group>"; };
		CE75C40623913ED8007853DD /* SceneDelegate.swift */ = {isa = PBXFileReference; lastKnownFileType = sourcecode.swift; path = SceneDelegate.swift; sourceTree = "<group>"; };
		CE75C40823913ED8007853DD /* RootView.swift */ = {isa = PBXFileReference; lastKnownFileType = sourcecode.swift; path = RootView.swift; sourceTree = "<group>"; };
		CE75C40A23913EDB007853DD /* Assets.xcassets */ = {isa = PBXFileReference; lastKnownFileType = folder.assetcatalog; path = Assets.xcassets; sourceTree = "<group>"; };
		CE75C40D23913EDB007853DD /* Preview Assets.xcassets */ = {isa = PBXFileReference; lastKnownFileType = folder.assetcatalog; path = "Preview Assets.xcassets"; sourceTree = "<group>"; };
		CE75C41023913EDB007853DD /* Base */ = {isa = PBXFileReference; lastKnownFileType = file.storyboard; name = Base; path = Base.lproj/LaunchScreen.storyboard; sourceTree = "<group>"; };
		CE75C41223913EDB007853DD /* Info.plist */ = {isa = PBXFileReference; lastKnownFileType = text.plist.xml; path = Info.plist; sourceTree = "<group>"; };
		CE75C41823916081007853DD /* FoodListView.swift */ = {isa = PBXFileReference; lastKnownFileType = sourcecode.swift; path = FoodListView.swift; sourceTree = "<group>"; };
		CE75C41A23916A58007853DD /* FoodView.swift */ = {isa = PBXFileReference; lastKnownFileType = sourcecode.swift; path = FoodView.swift; sourceTree = "<group>"; };
		CE75C42223923A8D007853DD /* AuthorView.swift */ = {isa = PBXFileReference; lastKnownFileType = sourcecode.swift; path = AuthorView.swift; sourceTree = "<group>"; };
		CE75C42523923AB8007853DD /* StartView.swift */ = {isa = PBXFileReference; lastKnownFileType = sourcecode.swift; path = StartView.swift; sourceTree = "<group>"; };
/* End PBXFileReference section */

/* Begin PBXFrameworksBuildPhase section */
		CE75C3FE23913ED8007853DD /* Frameworks */ = {
			isa = PBXFrameworksBuildPhase;
			buildActionMask = 2147483647;
			files = (
				CE75C41E23916C8E007853DD /* BetterSheet in Frameworks */,
			);
			runOnlyForDeploymentPostprocessing = 0;
		};
/* End PBXFrameworksBuildPhase section */

/* Begin PBXGroup section */
		CE75C3F823913ED8007853DD = {
			isa = PBXGroup;
			children = (
				CE75C40323913ED8007853DD /* 01-SwiftUIApp */,
				CE75C40223913ED8007853DD /* Products */,
			);
			sourceTree = "<group>";
		};
		CE75C40223913ED8007853DD /* Products */ = {
			isa = PBXGroup;
			children = (
				CE75C40123913ED8007853DD /* 01-SwiftUIApp.app */,
			);
			name = Products;
			sourceTree = "<group>";
		};
		CE75C40323913ED8007853DD /* 01-SwiftUIApp */ = {
			isa = PBXGroup;
			children = (
				CE75C41F239239B3007853DD /* Modules */,
				CE75C40423913ED8007853DD /* AppDelegate.swift */,
				CE75C40623913ED8007853DD /* SceneDelegate.swift */,
				CE75C40A23913EDB007853DD /* Assets.xcassets */,
				CE75C40F23913EDB007853DD /* LaunchScreen.storyboard */,
				CE75C41223913EDB007853DD /* Info.plist */,
				CE75C40C23913EDB007853DD /* Preview Content */,
			);
			path = "01-SwiftUIApp";
			sourceTree = "<group>";
		};
		CE75C40C23913EDB007853DD /* Preview Content */ = {
			isa = PBXGroup;
			children = (
				CE75C40D23913EDB007853DD /* Preview Assets.xcassets */,
			);
			path = "Preview Content";
			sourceTree = "<group>";
		};
		CE75C41F239239B3007853DD /* Modules */ = {
			isa = PBXGroup;
			children = (
				CE75C42423923AA8007853DD /* Start */,
				CE75C420239239C7007853DD /* FoodList */,
				CE75C42123923A13007853DD /* Author */,
				CE75C40823913ED8007853DD /* RootView.swift */,
			);
			path = Modules;
			sourceTree = "<group>";
		};
		CE75C420239239C7007853DD /* FoodList */ = {
			isa = PBXGroup;
			children = (
				CE75C41823916081007853DD /* FoodListView.swift */,
				CE75C41A23916A58007853DD /* FoodView.swift */,
			);
			path = FoodList;
			sourceTree = "<group>";
		};
		CE75C42123923A13007853DD /* Author */ = {
			isa = PBXGroup;
			children = (
				CE75C42223923A8D007853DD /* AuthorView.swift */,
			);
			path = Author;
			sourceTree = "<group>";
		};
		CE75C42423923AA8007853DD /* Start */ = {
			isa = PBXGroup;
			children = (
				CE75C42523923AB8007853DD /* StartView.swift */,
			);
			path = Start;
			sourceTree = "<group>";
		};
/* End PBXGroup section */

/* Begin PBXNativeTarget section */
		CE75C40023913ED8007853DD /* 01-SwiftUIApp */ = {
			isa = PBXNativeTarget;
			buildConfigurationList = CE75C41523913EDB007853DD /* Build configuration list for PBXNativeTarget "01-SwiftUIApp" */;
			buildPhases = (
				CE75C3FD23913ED8007853DD /* Sources */,
				CE75C3FE23913ED8007853DD /* Frameworks */,
				CE75C3FF23913ED8007853DD /* Resources */,
			);
			buildRules = (
			);
			dependencies = (
			);
			name = "01-SwiftUIApp";
			packageProductDependencies = (
				CE75C41D23916C8E007853DD /* BetterSheet */,
			);
			productName = "01-SwiftUIApp";
			productReference = CE75C40123913ED8007853DD /* 01-SwiftUIApp.app */;
			productType = "com.apple.product-type.application";
		};
/* End PBXNativeTarget section */

/* Begin PBXProject section */
		CE75C3F923913ED8007853DD /* Project object */ = {
			isa = PBXProject;
			attributes = {
				LastSwiftUpdateCheck = 1120;
				LastUpgradeCheck = 1120;
				ORGANIZATIONNAME = "Oleg Shipulin";
				TargetAttributes = {
					CE75C40023913ED8007853DD = {
						CreatedOnToolsVersion = 11.2.1;
					};
				};
			};
			buildConfigurationList = CE75C3FC23913ED8007853DD /* Build configuration list for PBXProject "01-SwiftUIApp" */;
			compatibilityVersion = "Xcode 9.3";
			developmentRegion = en;
			hasScannedForEncodings = 0;
			knownRegions = (
				en,
				Base,
			);
			mainGroup = CE75C3F823913ED8007853DD;
			packageReferences = (
				CE75C41C23916C8E007853DD /* XCRemoteSwiftPackageReference "BetterSheet" */,
			);
			productRefGroup = CE75C40223913ED8007853DD /* Products */;
			projectDirPath = "";
			projectRoot = "";
			targets = (
				CE75C40023913ED8007853DD /* 01-SwiftUIApp */,
			);
		};
/* End PBXProject section */

/* Begin PBXResourcesBuildPhase section */
		CE75C3FF23913ED8007853DD /* Resources */ = {
			isa = PBXResourcesBuildPhase;
			buildActionMask = 2147483647;
			files = (
				CE75C41123913EDB007853DD /* LaunchScreen.storyboard in Resources */,
				CE75C40E23913EDB007853DD /* Preview Assets.xcassets in Resources */,
				CE75C40B23913EDB007853DD /* Assets.xcassets in Resources */,
			);
			runOnlyForDeploymentPostprocessing = 0;
		};
/* End PBXResourcesBuildPhase section */

/* Begin PBXSourcesBuildPhase section */
		CE75C3FD23913ED8007853DD /* Sources */ = {
			isa = PBXSourcesBuildPhase;
			buildActionMask = 2147483647;
			files = (
				CE75C41923916081007853DD /* FoodListView.swift in Sources */,
				CE75C41B23916A58007853DD /* FoodView.swift in Sources */,
				CE75C40523913ED8007853DD /* AppDelegate.swift in Sources */,
				CE75C42323923A8D007853DD /* AuthorView.swift in Sources */,
				CE75C40723913ED8007853DD /* SceneDelegate.swift in Sources */,
				CE75C40923913ED8007853DD /* RootView.swift in Sources */,
				CE75C42623923AB8007853DD /* StartView.swift in Sources */,
			);
			runOnlyForDeploymentPostprocessing = 0;
		};
/* End PBXSourcesBuildPhase section */

/* Begin PBXVariantGroup section */
		CE75C40F23913EDB007853DD /* LaunchScreen.storyboard */ = {
			isa = PBXVariantGroup;
			children = (
				CE75C41023913EDB007853DD /* Base */,
			);
			name = LaunchScreen.storyboard;
			sourceTree = "<group>";
		};
/* End PBXVariantGroup section */

/* Begin XCBuildConfiguration section */
		CE75C41323913EDB007853DD /* Debug */ = {
			isa = XCBuildConfiguration;
			buildSettings = {
				ALWAYS_SEARCH_USER_PATHS = NO;
				CLANG_ANALYZER_NONNULL = YES;
				CLANG_ANALYZER_NUMBER_OBJECT_CONVERSION = YES_AGGRESSIVE;
				CLANG_CXX_LANGUAGE_STANDARD = "gnu++14";
				CLANG_CXX_LIBRARY = "libc++";
				CLANG_ENABLE_MODULES = YES;
				CLANG_ENABLE_OBJC_ARC = YES;
				CLANG_ENABLE_OBJC_WEAK = YES;
				CLANG_WARN_BLOCK_CAPTURE_AUTORELEASING = YES;
				CLANG_WARN_BOOL_CONVERSION = YES;
				CLANG_WARN_COMMA = YES;
				CLANG_WARN_CONSTANT_CONVERSION = YES;
				CLANG_WARN_DEPRECATED_OBJC_IMPLEMENTATIONS = YES;
				CLANG_WARN_DIRECT_OBJC_ISA_USAGE = YES_ERROR;
				CLANG_WARN_DOCUMENTATION_COMMENTS = YES;
				CLANG_WARN_EMPTY_BODY = YES;
				CLANG_WARN_ENUM_CONVERSION = YES;
				CLANG_WARN_INFINITE_RECURSION = YES;
				CLANG_WARN_INT_CONVERSION = YES;
				CLANG_WARN_NON_LITERAL_NULL_CONVERSION = YES;
				CLANG_WARN_OBJC_IMPLICIT_RETAIN_SELF = YES;
				CLANG_WARN_OBJC_LITERAL_CONVERSION = YES;
				CLANG_WARN_OBJC_ROOT_CLASS = YES_ERROR;
				CLANG_WARN_RANGE_LOOP_ANALYSIS = YES;
				CLANG_WARN_STRICT_PROTOTYPES = YES;
				CLANG_WARN_SUSPICIOUS_MOVE = YES;
				CLANG_WARN_UNGUARDED_AVAILABILITY = YES_AGGRESSIVE;
				CLANG_WARN_UNREACHABLE_CODE = YES;
				CLANG_WARN__DUPLICATE_METHOD_MATCH = YES;
				COPY_PHASE_STRIP = NO;
				DEBUG_INFORMATION_FORMAT = dwarf;
				ENABLE_STRICT_OBJC_MSGSEND = YES;
				ENABLE_TESTABILITY = YES;
				GCC_C_LANGUAGE_STANDARD = gnu11;
				GCC_DYNAMIC_NO_PIC = NO;
				GCC_NO_COMMON_BLOCKS = YES;
				GCC_OPTIMIZATION_LEVEL = 0;
				GCC_PREPROCESSOR_DEFINITIONS = (
					"DEBUG=1",
					"$(inherited)",
				);
				GCC_WARN_64_TO_32_BIT_CONVERSION = YES;
				GCC_WARN_ABOUT_RETURN_TYPE = YES_ERROR;
				GCC_WARN_UNDECLARED_SELECTOR = YES;
				GCC_WARN_UNINITIALIZED_AUTOS = YES_AGGRESSIVE;
				GCC_WARN_UNUSED_FUNCTION = YES;
				GCC_WARN_UNUSED_VARIABLE = YES;
				IPHONEOS_DEPLOYMENT_TARGET = 13.2;
				MTL_ENABLE_DEBUG_INFO = INCLUDE_SOURCE;
				MTL_FAST_MATH = YES;
				ONLY_ACTIVE_ARCH = YES;
				SDKROOT = iphoneos;
				SWIFT_ACTIVE_COMPILATION_CONDITIONS = DEBUG;
				SWIFT_OPTIMIZATION_LEVEL = "-Onone";
			};
			name = Debug;
		};
		CE75C41423913EDB007853DD /* Release */ = {
			isa = XCBuildConfiguration;
			buildSettings = {
				ALWAYS_SEARCH_USER_PATHS = NO;
				CLANG_ANALYZER_NONNULL = YES;
				CLANG_ANALYZER_NUMBER_OBJECT_CONVERSION = YES_AGGRESSIVE;
				CLANG_CXX_LANGUAGE_STANDARD = "gnu++14";
				CLANG_CXX_LIBRARY = "libc++";
				CLANG_ENABLE_MODULES = YES;
				CLANG_ENABLE_OBJC_ARC = YES;
				CLANG_ENABLE_OBJC_WEAK = YES;
				CLANG_WARN_BLOCK_CAPTURE_AUTORELEASING = YES;
				CLANG_WARN_BOOL_CONVERSION = YES;
				CLANG_WARN_COMMA = YES;
				CLANG_WARN_CONSTANT_CONVERSION = YES;
				CLANG_WARN_DEPRECATED_OBJC_IMPLEMENTATIONS = YES;
				CLANG_WARN_DIRECT_OBJC_ISA_USAGE = YES_ERROR;
				CLANG_WARN_DOCUMENTATION_COMMENTS = YES;
				CLANG_WARN_EMPTY_BODY = YES;
				CLANG_WARN_ENUM_CONVERSION = YES;
				CLANG_WARN_INFINITE_RECURSION = YES;
				CLANG_WARN_INT_CONVERSION = YES;
				CLANG_WARN_NON_LITERAL_NULL_CONVERSION = YES;
				CLANG_WARN_OBJC_IMPLICIT_RETAIN_SELF = YES;
				CLANG_WARN_OBJC_LITERAL_CONVERSION = YES;
				CLANG_WARN_OBJC_ROOT_CLASS = YES_ERROR;
				CLANG_WARN_RANGE_LOOP_ANALYSIS = YES;
				CLANG_WARN_STRICT_PROTOTYPES = YES;
				CLANG_WARN_SUSPICIOUS_MOVE = YES;
				CLANG_WARN_UNGUARDED_AVAILABILITY = YES_AGGRESSIVE;
				CLANG_WARN_UNREACHABLE_CODE = YES;
				CLANG_WARN__DUPLICATE_METHOD_MATCH = YES;
				COPY_PHASE_STRIP = NO;
				DEBUG_INFORMATION_FORMAT = "dwarf-with-dsym";
				ENABLE_NS_ASSERTIONS = NO;
				ENABLE_STRICT_OBJC_MSGSEND = YES;
				GCC_C_LANGUAGE_STANDARD = gnu11;
				GCC_NO_COMMON_BLOCKS = YES;
				GCC_WARN_64_TO_32_BIT_CONVERSION = YES;
				GCC_WARN_ABOUT_RETURN_TYPE = YES_ERROR;
				GCC_WARN_UNDECLARED_SELECTOR = YES;
				GCC_WARN_UNINITIALIZED_AUTOS = YES_AGGRESSIVE;
				GCC_WARN_UNUSED_FUNCTION = YES;
				GCC_WARN_UNUSED_VARIABLE = YES;
				IPHONEOS_DEPLOYMENT_TARGET = 13.2;
				MTL_ENABLE_DEBUG_INFO = NO;
				MTL_FAST_MATH = YES;
				SDKROOT = iphoneos;
				SWIFT_COMPILATION_MODE = wholemodule;
				SWIFT_OPTIMIZATION_LEVEL = "-O";
				VALIDATE_PRODUCT = YES;
			};
			name = Release;
		};
		CE75C41623913EDB007853DD /* Debug */ = {
			isa = XCBuildConfiguration;
			buildSettings = {
				ASSETCATALOG_COMPILER_APPICON_NAME = AppIcon;
				CODE_SIGN_STYLE = Automatic;
				DEVELOPMENT_ASSET_PATHS = "\"01-SwiftUIApp/Preview Content\"";
				DEVELOPMENT_TEAM = HS76VV6WJD;
				ENABLE_PREVIEWS = YES;
				INFOPLIST_FILE = "01-SwiftUIApp/Info.plist";
				LD_RUNPATH_SEARCH_PATHS = (
					"$(inherited)",
					"@executable_path/Frameworks",
				);
				PRODUCT_BUNDLE_IDENTIFIER = "ru.oShip.-1-SwiftUIApp";
				PRODUCT_NAME = "$(TARGET_NAME)";
				SWIFT_VERSION = 5.0;
				TARGETED_DEVICE_FAMILY = "1,2";
			};
			name = Debug;
		};
		CE75C41723913EDB007853DD /* Release */ = {
			isa = XCBuildConfiguration;
			buildSettings = {
				ASSETCATALOG_COMPILER_APPICON_NAME = AppIcon;
				CODE_SIGN_STYLE = Automatic;
				DEVELOPMENT_ASSET_PATHS = "\"01-SwiftUIApp/Preview Content\"";
				DEVELOPMENT_TEAM = HS76VV6WJD;
				ENABLE_PREVIEWS = YES;
				INFOPLIST_FILE = "01-SwiftUIApp/Info.plist";
				LD_RUNPATH_SEARCH_PATHS = (
					"$(inherited)",
					"@executable_path/Frameworks",
				);
				PRODUCT_BUNDLE_IDENTIFIER = "ru.oShip.-1-SwiftUIApp";
				PRODUCT_NAME = "$(TARGET_NAME)";
				SWIFT_VERSION = 5.0;
				TARGETED_DEVICE_FAMILY = "1,2";
			};
			name = Release;
		};
/* End XCBuildConfiguration section */

/* Begin XCConfigurationList section */
		CE75C3FC23913ED8007853DD /* Build configuration list for PBXProject "01-SwiftUIApp" */ = {
			isa = XCConfigurationList;
			buildConfigurations = (
				CE75C41323913EDB007853DD /* Debug */,
				CE75C41423913EDB007853DD /* Release */,
			);
			defaultConfigurationIsVisible = 0;
			defaultConfigurationName = Release;
		};
		CE75C41523913EDB007853DD /* Build configuration list for PBXNativeTarget "01-SwiftUIApp" */ = {
			isa = XCConfigurationList;
			buildConfigurations = (
				CE75C41623913EDB007853DD /* Debug */,
				CE75C41723913EDB007853DD /* Release */,
			);
			defaultConfigurationIsVisible = 0;
			defaultConfigurationName = Release;
		};
/* End XCConfigurationList section */

/* Begin XCRemoteSwiftPackageReference section */
		CE75C41C23916C8E007853DD /* XCRemoteSwiftPackageReference "BetterSheet" */ = {
			isa = XCRemoteSwiftPackageReference;
			repositoryURL = "https://github.com/egeniq/BetterSheet";
			requirement = {
				kind = upToNextMajorVersion;
				minimumVersion = 1.0.0;
			};
		};
/* End XCRemoteSwiftPackageReference section */

/* Begin XCSwiftPackageProductDependency section */
		CE75C41D23916C8E007853DD /* BetterSheet */ = {
			isa = XCSwiftPackageProductDependency;
			package = CE75C41C23916C8E007853DD /* XCRemoteSwiftPackageReference "BetterSheet" */;
			productName = BetterSheet;
		};
/* End XCSwiftPackageProductDependency section */
	};
	rootObject = CE75C3F923913ED8007853DD /* Project object */;
}
